{
  "name": "@stencil/solid-output-target",
  "version": "0.0.1",
  "lockfileVersion": 2,
  "requires": true,
  "packages": {
    "": {
      "name": "@stencil/solid-output-target",
      "version": "0.0.1",
      "license": "MIT",
      "devDependencies": {
        "solid-js": "^1.1.4"
      },
      "peerDependencies": {
        "@stencil/core": ">=1.8.0"
      }
    },
    "node_modules/@stencil/core": {
      "version": "2.12.0",
      "resolved": "https://registry.npmjs.org/@stencil/core/-/core-2.12.0.tgz",
      "integrity": "sha512-hQlQKh5CUJe8g3L5avLLsfgVu95HMS2LToTtS7gpvvP0eKes1VvAC56uhI+vH4u44GZl9ck/g1rJBVRmMWu0LA==",
      "peer": true,
      "bin": {
        "stencil": "bin/stencil"
      },
      "engines": {
        "node": ">=12.10.0",
        "npm": ">=6.0.0"
      }
    },
    "node_modules/solid-js": {
      "version": "1.1.4",
      "resolved": "https://registry.npmjs.org/solid-js/-/solid-js-1.1.4.tgz",
      "integrity": "sha512-u3rvemWTQQ1ab9YrrRR+bUi7Daq5ZRVlR6gEDsHrRYC5uYFkFGGRt/ibjo+OsBxjbPRxGzy7jel3mfTZiiuNzA==",
      "dev": true
    }
  },
  "dependencies": {
    "@stencil/core": {
      "version": "2.12.0",
      "resolved": "https://registry.npmjs.org/@stencil/core/-/core-2.12.0.tgz",
      "integrity": "sha512-hQlQKh5CUJe8g3L5avLLsfgVu95HMS2LToTtS7gpvvP0eKes1VvAC56uhI+vH4u44GZl9ck/g1rJBVRmMWu0LA==",
      "peer": true
    },
    "solid-js": {
      "version": "1.1.4",
      "resolved": "https://registry.npmjs.org/solid-js/-/solid-js-1.1.4.tgz",
      "integrity": "sha512-u3rvemWTQQ1ab9YrrRR+bUi7Daq5ZRVlR6gEDsHrRYC5uYFkFGGRt/ibjo+OsBxjbPRxGzy7jel3mfTZiiuNzA==",
      "dev": true
    }
  }
}
