{
  "name": "@stencil/svelte-output-target",
  "version": "0.1.5",
  "lockfileVersion": 1,
  "requires": true,
  "dependencies": {
    "estree-walker": {
      "version": "2.0.1",
      "resolved": "https://registry.npmjs.org/estree-walker/-/estree-walker-2.0.1.tgz",
      "integrity": "sha512-tF0hv+Yi2Ot1cwj9eYHtxC0jB9bmjacjQs6ZBTj82H8JwUywFuc+7E83NWfNMwHXZc11mjfFcVXPe9gEP4B8dg==",
      "dev": true
    },
    "svelte": {
      "version": "3.24.1",
      "resolved": "https://registry.npmjs.org/svelte/-/svelte-3.24.1.tgz",
      "integrity": "sha512-OX/IBVUJSFo1rnznXdwf9rv6LReJ3qQ0PwRjj76vfUWyTfbHbR9OXqJBnUrpjyis2dwYcbT2Zm1DFjOOF1ZbbQ==",
      "dev": true
    }
  }
}
