{
	"name": "component-library-react",
	"version": "0.0.1",
	"lockfileVersion": 1,
	"requires": true,
	"dependencies": {
		"@babel/runtime": {
			"version": "7.10.2",
			"resolved": "https://registry.npmjs.org/@babel/runtime/-/runtime-7.10.2.tgz",
			"integrity": "sha512-6sF3uQw2ivImfVIl62RZ7MXhO2tap69WeWK57vAaimT6AZbE4FbqjdEJIN1UqoD6wI6B+1n9UiagafH1sxjOtg==",
			"dev": true,
			"requires": {
				"regenerator-runtime": "^0.13.4"
			}
		},
		"@babel/runtime-corejs3": {
			"version": "7.10.2",
			"resolved": "https://registry.npmjs.org/@babel/runtime-corejs3/-/runtime-corejs3-7.10.2.tgz",
			"integrity": "sha512-+a2M/u7r15o3dV1NEizr9bRi+KUVnrs/qYxF0Z06DAPx/4VCWaz1WA7EcbE+uqGgt39lp5akWGmHsTseIkHkHg==",
			"dev": true,
			"requires": {
				"core-js-pure": "^3.0.0",
				"regenerator-runtime": "^0.13.4"
			}
		},
		"@jest/types": {
			"version": "25.5.0",
			"resolved": "https://registry.npmjs.org/@jest/types/-/types-25.5.0.tgz",
			"integrity": "sha512-OXD0RgQ86Tu3MazKo8bnrkDRaDXXMGUqd+kTtLtK1Zb7CRzQcaSRPPPV37SvYTdevXEBVxe0HXylEjs8ibkmCw==",
			"dev": true,
			"requires": {
				"@types/istanbul-lib-coverage": "^2.0.0",
				"@types/istanbul-reports": "^1.1.1",
				"@types/yargs": "^15.0.0",
				"chalk": "^3.0.0"
			}
		},
		"@testing-library/dom": {
			"version": "7.11.0",
			"resolved": "https://registry.npmjs.org/@testing-library/dom/-/dom-7.11.0.tgz",
			"integrity": "sha512-2j+zfA6dwnzozReA2XrbZs3e9DD9UdetONrWmumIY2QdGH0h08hRW+SaLE8kIytM6KPO5yzypHZhK5AZNFEtiw==",
			"dev": true,
			"requires": {
				"@babel/runtime": "^7.10.2",
				"aria-query": "^4.0.2",
				"dom-accessibility-api": "^0.4.5",
				"pretty-format": "^25.5.0"
			}
		},
		"@testing-library/jest-dom": {
			"version": "5.9.0",
			"resolved": "https://registry.npmjs.org/@testing-library/jest-dom/-/jest-dom-5.9.0.tgz",
			"integrity": "sha512-uZ68dyILuM2VL13lGz4ehFEAgxzvLKRu8wQxyAZfejWnyMhmipJ60w4eG81NQikJHBfaYXx+Or8EaPQTDwGfPA==",
			"dev": true,
			"requires": {
				"@babel/runtime": "^7.9.2",
				"@types/testing-library__jest-dom": "^5.0.2",
				"chalk": "^3.0.0",
				"css": "^2.2.4",
				"css.escape": "^1.5.1",
				"jest-diff": "^25.1.0",
				"jest-matcher-utils": "^25.1.0",
				"lodash": "^4.17.15",
				"redent": "^3.0.0"
			}
		},
		"@testing-library/react": {
			"version": "10.2.1",
			"resolved": "https://registry.npmjs.org/@testing-library/react/-/react-10.2.1.tgz",
			"integrity": "sha512-pv2jZhiZgN1/alz1aImhSasZAOPg3er2Kgcfg9fzuw7aKPLxVengqqR1n0CJANeErR1DqORauQaod+gGUgAJOQ==",
			"dev": true,
			"requires": {
				"@babel/runtime": "^7.10.2",
				"@testing-library/dom": "^7.9.0"
			}
		},
		"@types/color-name": {
			"version": "1.1.1",
			"resolved": "https://registry.npmjs.org/@types/color-name/-/color-name-1.1.1.tgz",
			"integrity": "sha512-rr+OQyAjxze7GgWrSaJwydHStIhHq2lvY3BOC2Mj7KnzI7XK0Uw1TOOdI9lDoajEbSWLiYgoo4f1R51erQfhPQ==",
			"dev": true
		},
		"@types/estree": {
			"version": "0.0.44",
			"resolved": "https://registry.npmjs.org/@types/estree/-/estree-0.0.44.tgz",
			"integrity": "sha512-iaIVzr+w2ZJ5HkidlZ3EJM8VTZb2MJLCjw3V+505yVts0gRC4UMvjw0d1HPtGqI/HQC/KdsYtayfzl+AXY2R8g==",
			"dev": true
		},
		"@types/istanbul-lib-coverage": {
			"version": "2.0.2",
			"resolved": "https://registry.npmjs.org/@types/istanbul-lib-coverage/-/istanbul-lib-coverage-2.0.2.tgz",
			"integrity": "sha512-rsZg7eL+Xcxsxk2XlBt9KcG8nOp9iYdKCOikY9x2RFJCyOdNj4MKPQty0e8oZr29vVAzKXr1BmR+kZauti3o1w==",
			"dev": true
		},
		"@types/istanbul-lib-report": {
			"version": "3.0.0",
			"resolved": "https://registry.npmjs.org/@types/istanbul-lib-report/-/istanbul-lib-report-3.0.0.tgz",
			"integrity": "sha512-plGgXAPfVKFoYfa9NpYDAkseG+g6Jr294RqeqcqDixSbU34MZVJRi/P+7Y8GDpzkEwLaGZZOpKIEmeVZNtKsrg==",
			"dev": true,
			"requires": {
				"@types/istanbul-lib-coverage": "*"
			}
		},
		"@types/istanbul-reports": {
			"version": "1.1.2",
			"resolved": "https://registry.npmjs.org/@types/istanbul-reports/-/istanbul-reports-1.1.2.tgz",
			"integrity": "sha512-P/W9yOX/3oPZSpaYOCQzGqgCQRXn0FFO/V8bWrCQs+wLmvVVxk6CRBXALEvNs9OHIatlnlFokfhuDo2ug01ciw==",
			"dev": true,
			"requires": {
				"@types/istanbul-lib-coverage": "*",
				"@types/istanbul-lib-report": "*"
			}
		},
		"@types/jest": {
			"version": "25.2.3",
			"resolved": "https://registry.npmjs.org/@types/jest/-/jest-25.2.3.tgz",
			"integrity": "sha512-JXc1nK/tXHiDhV55dvfzqtmP4S3sy3T3ouV2tkViZgxY/zeUkcpQcQPGRlgF4KmWzWW5oiWYSZwtCB+2RsE4Fw==",
			"dev": true,
			"requires": {
				"jest-diff": "^25.2.1",
				"pretty-format": "^25.2.1"
			}
		},
		"@types/node": {
			"version": "14.0.12",
			"resolved": "https://registry.npmjs.org/@types/node/-/node-14.0.12.tgz",
			"integrity": "sha512-/sjzehvjkkpvLpYtN6/2dv5kg41otMGuHQUt9T2aiAuIfleCQRQHXXzF1eAw/qkZTj5Kcf4JSTf7EIizHocy6Q==",
			"dev": true
		},
		"@types/prop-types": {
			"version": "15.7.3",
			"resolved": "https://registry.npmjs.org/@types/prop-types/-/prop-types-15.7.3.tgz",
			"integrity": "sha512-KfRL3PuHmqQLOG+2tGpRO26Ctg+Cq1E01D2DMriKEATHgWLfeNDmq9e29Q9WIky0dQ3NPkd1mzYH8Lm936Z9qw==",
			"dev": true
		},
		"@types/react": {
			"version": "16.9.35",
			"resolved": "https://registry.npmjs.org/@types/react/-/react-16.9.35.tgz",
			"integrity": "sha512-q0n0SsWcGc8nDqH2GJfWQWUOmZSJhXV64CjVN5SvcNti3TdEaA3AH0D8DwNmMdzjMAC/78tB8nAZIlV8yTz+zQ==",
			"dev": true,
			"requires": {
				"@types/prop-types": "*",
				"csstype": "^2.2.0"
			}
		},
		"@types/react-dom": {
			"version": "16.9.8",
			"resolved": "https://registry.npmjs.org/@types/react-dom/-/react-dom-16.9.8.tgz",
			"integrity": "sha512-ykkPQ+5nFknnlU6lDd947WbQ6TE3NNzbQAkInC2EKY1qeYdTKp7onFusmYZb+ityzx2YviqT6BXSu+LyWWJwcA==",
			"dev": true,
			"requires": {
				"@types/react": "*"
			}
		},
		"@types/resolve": {
			"version": "0.0.8",
			"resolved": "https://registry.npmjs.org/@types/resolve/-/resolve-0.0.8.tgz",
			"integrity": "sha512-auApPaJf3NPfe18hSoJkp8EbZzer2ISk7o8mCC3M9he/a04+gbMF97NkpD2S8riMGvm4BMRI59/SZQSaLTKpsQ==",
			"dev": true,
			"requires": {
				"@types/node": "*"
			}
		},
		"@types/testing-library__jest-dom": {
			"version": "5.9.1",
			"resolved": "https://registry.npmjs.org/@types/testing-library__jest-dom/-/testing-library__jest-dom-5.9.1.tgz",
			"integrity": "sha512-yYn5EKHO3MPEMSOrcAb1dLWY+68CG29LiXKsWmmpVHqoP5+ZRiAVLyUHvPNrO2dABDdUGZvavMsaGpWNjM6N2g==",
			"dev": true,
			"requires": {
				"@types/jest": "*"
			}
		},
		"@types/yargs": {
			"version": "15.0.5",
			"resolved": "https://registry.npmjs.org/@types/yargs/-/yargs-15.0.5.tgz",
			"integrity": "sha512-Dk/IDOPtOgubt/IaevIUbTgV7doaKkoorvOyYM2CMwuDyP89bekI7H4xLIwunNYiK9jhCkmc6pUrJk3cj2AB9w==",
			"dev": true,
			"requires": {
				"@types/yargs-parser": "*"
			}
		},
		"@types/yargs-parser": {
			"version": "15.0.0",
			"resolved": "https://registry.npmjs.org/@types/yargs-parser/-/yargs-parser-15.0.0.tgz",
			"integrity": "sha512-FA/BWv8t8ZWJ+gEOnLLd8ygxH/2UFbAvgEonyfN6yWGLKc7zVjbpl2Y4CTjid9h2RfgPP6SEt6uHwEOply00yw==",
			"dev": true
		},
		"acorn": {
			"version": "7.2.0",
			"resolved": "https://registry.npmjs.org/acorn/-/acorn-7.2.0.tgz",
			"integrity": "sha512-apwXVmYVpQ34m/i71vrApRrRKCWQnZZF1+npOD0WV5xZFfwWOmKGQ2RWlfdy9vWITsenisM8M0Qeq8agcFHNiQ==",
			"dev": true
		},
		"ansi-regex": {
			"version": "5.0.0",
			"resolved": "https://registry.npmjs.org/ansi-regex/-/ansi-regex-5.0.0.tgz",
			"integrity": "sha512-bY6fj56OUQ0hU1KjFNDQuJFezqKdrAyFdIevADiqrWHwSlbmBNMHp5ak2f40Pm8JTFyM2mqxkG6ngkHO11f/lg==",
			"dev": true
		},
		"ansi-styles": {
			"version": "4.2.1",
			"resolved": "https://registry.npmjs.org/ansi-styles/-/ansi-styles-4.2.1.tgz",
			"integrity": "sha512-9VGjrMsG1vePxcSweQsN20KY/c4zN0h9fLjqAbwbPfahM3t+NL+M9HC8xeXG2I8pX5NoamTGNuomEUFI7fcUjA==",
			"dev": true,
			"requires": {
				"@types/color-name": "^1.1.1",
				"color-convert": "^2.0.1"
			}
		},
		"aria-query": {
			"version": "4.0.2",
			"resolved": "https://registry.npmjs.org/aria-query/-/aria-query-4.0.2.tgz",
			"integrity": "sha512-S1G1V790fTaigUSM/Gd0NngzEfiMy9uTUfMyHhKhVyy4cH5O/eTuR01ydhGL0z4Za1PXFTRGH3qL8VhUQuEO5w==",
			"dev": true,
			"requires": {
				"@babel/runtime": "^7.7.4",
				"@babel/runtime-corejs3": "^7.7.4"
			}
		},
		"atob": {
			"version": "2.1.2",
			"resolved": "https://registry.npmjs.org/atob/-/atob-2.1.2.tgz",
			"integrity": "sha512-Wm6ukoaOGJi/73p/cl2GvLjTI5JM1k/O14isD73YML8StrH/7/lRFgmg8nICZgD3bZZvjwCGxtMOD3wWNAu8cg==",
			"dev": true
		},
		"builtin-modules": {
			"version": "3.1.0",
			"resolved": "https://registry.npmjs.org/builtin-modules/-/builtin-modules-3.1.0.tgz",
			"integrity": "sha512-k0KL0aWZuBt2lrxrcASWDfwOLMnodeQjodT/1SxEQAXsHANgo6ZC/VEaSEHCXt7aSTZ4/4H5LKa+tBXmW7Vtvw==",
			"dev": true
		},
		"chalk": {
			"version": "3.0.0",
			"resolved": "https://registry.npmjs.org/chalk/-/chalk-3.0.0.tgz",
			"integrity": "sha512-4D3B6Wf41KOYRFdszmDqMCGq5VV/uMAB273JILmO+3jAlh8X4qDtdtgCR3fxtbLEMzSx22QdhnDcJvu2u1fVwg==",
			"dev": true,
			"requires": {
				"ansi-styles": "^4.1.0",
				"supports-color": "^7.1.0"
			}
		},
		"color-convert": {
			"version": "2.0.1",
			"resolved": "https://registry.npmjs.org/color-convert/-/color-convert-2.0.1.tgz",
			"integrity": "sha512-RRECPsj7iu/xb5oKYcsFHSppFNnsj/52OVTRKb4zP5onXwVF3zVmmToNcOfGC+CRDpfK/U584fMg38ZHCaElKQ==",
			"dev": true,
			"requires": {
				"color-name": "~1.1.4"
			}
		},
		"color-name": {
			"version": "1.1.4",
			"resolved": "https://registry.npmjs.org/color-name/-/color-name-1.1.4.tgz",
			"integrity": "sha512-dOy+3AuW3a2wNbZHIuMZpTcgjGuLU/uBL/ubcZF9OXbDo8ff4O8yVp5Bf0efS8uEoYo5q4Fx7dY9OgQGXgAsQA==",
			"dev": true
		},
		"core-js-pure": {
			"version": "3.6.5",
			"resolved": "https://registry.npmjs.org/core-js-pure/-/core-js-pure-3.6.5.tgz",
			"integrity": "sha512-lacdXOimsiD0QyNf9BC/mxivNJ/ybBGJXQFKzRekp1WTHoVUWsUHEn+2T8GJAzzIhyOuXA+gOxCVN3l+5PLPUA==",
			"dev": true
		},
		"css": {
			"version": "2.2.4",
			"resolved": "https://registry.npmjs.org/css/-/css-2.2.4.tgz",
			"integrity": "sha512-oUnjmWpy0niI3x/mPL8dVEI1l7MnG3+HHyRPHf+YFSbK+svOhXpmSOcDURUh2aOCgl2grzrOPt1nHLuCVFULLw==",
			"dev": true,
			"requires": {
				"inherits": "^2.0.3",
				"source-map": "^0.6.1",
				"source-map-resolve": "^0.5.2",
				"urix": "^0.1.0"
			}
		},
		"css.escape": {
			"version": "1.5.1",
			"resolved": "https://registry.npmjs.org/css.escape/-/css.escape-1.5.1.tgz",
			"integrity": "sha1-QuJ9T6BK4y+TGktNQZH6nN3ul8s=",
			"dev": true
		},
		"csstype": {
			"version": "2.6.10",
			"resolved": "https://registry.npmjs.org/csstype/-/csstype-2.6.10.tgz",
			"integrity": "sha512-D34BqZU4cIlMCY93rZHbrq9pjTAQJ3U8S8rfBqjwHxkGPThWFjzZDQpgMJY0QViLxth6ZKYiwFBo14RdN44U/w==",
			"dev": true
		},
		"decode-uri-component": {
			"version": "0.2.0",
			"resolved": "https://registry.npmjs.org/decode-uri-component/-/decode-uri-component-0.2.0.tgz",
			"integrity": "sha1-6zkTMzRYd1y4TNGh+uBiEGu4dUU=",
			"dev": true
		},
		"diff-sequences": {
			"version": "25.2.6",
			"resolved": "https://registry.npmjs.org/diff-sequences/-/diff-sequences-25.2.6.tgz",
			"integrity": "sha512-Hq8o7+6GaZeoFjtpgvRBUknSXNeJiCx7V9Fr94ZMljNiCr9n9L8H8aJqgWOQiDDGdyn29fRNcDdRVJ5fdyihfg==",
			"dev": true
		},
		"dom-accessibility-api": {
			"version": "0.4.5",
			"resolved": "https://registry.npmjs.org/dom-accessibility-api/-/dom-accessibility-api-0.4.5.tgz",
			"integrity": "sha512-HcPDilI95nKztbVikaN2vzwvmv0sE8Y2ZJFODy/m15n7mGXLeOKGiys9qWVbFbh+aq/KYj2lqMLybBOkYAEXqg==",
			"dev": true
		},
		"estree-walker": {
			"version": "0.6.1",
			"resolved": "https://registry.npmjs.org/estree-walker/-/estree-walker-0.6.1.tgz",
			"integrity": "sha512-SqmZANLWS0mnatqbSfRP5g8OXZC12Fgg1IwNtLsyHDzJizORW4khDfjPqJZsemPWBB2uqykUah5YpQ6epsqC/w==",
			"dev": true
		},
		"has-flag": {
			"version": "4.0.0",
			"resolved": "https://registry.npmjs.org/has-flag/-/has-flag-4.0.0.tgz",
			"integrity": "sha512-EykJT/Q1KjTWctppgIAgfSO0tKVuZUjhgMr17kqTumMl6Afv3EISleU7qZUzoXDFTAHTDC4NOoG/ZxU3EvlMPQ==",
			"dev": true
		},
		"indent-string": {
			"version": "4.0.0",
			"resolved": "https://registry.npmjs.org/indent-string/-/indent-string-4.0.0.tgz",
			"integrity": "sha512-EdDDZu4A2OyIK7Lr/2zG+w5jmbuk1DVBnEwREQvBzspBJkCEbRa8GxU1lghYcaGJCnRWibjDXlq779X1/y5xwg==",
			"dev": true
		},
		"inherits": {
			"version": "2.0.4",
			"resolved": "https://registry.npmjs.org/inherits/-/inherits-2.0.4.tgz",
			"integrity": "sha512-k/vGaX4/Yla3WzyMCvTQOXYeIHvqOKtnqBduzTHpzpQZzAskKMhZ2K+EnBiSM9zGSoIFeMpXKxa4dYeZIQqewQ==",
			"dev": true
		},
		"is-module": {
			"version": "1.0.0",
			"resolved": "https://registry.npmjs.org/is-module/-/is-module-1.0.0.tgz",
			"integrity": "sha1-Mlj7afeMFNW4FdZkM2tM/7ZEFZE=",
			"dev": true
		},
		"jest-diff": {
			"version": "25.5.0",
			"resolved": "https://registry.npmjs.org/jest-diff/-/jest-diff-25.5.0.tgz",
			"integrity": "sha512-z1kygetuPiREYdNIumRpAHY6RXiGmp70YHptjdaxTWGmA085W3iCnXNx0DhflK3vwrKmrRWyY1wUpkPMVxMK7A==",
			"dev": true,
			"requires": {
				"chalk": "^3.0.0",
				"diff-sequences": "^25.2.6",
				"jest-get-type": "^25.2.6",
				"pretty-format": "^25.5.0"
			}
		},
		"jest-get-type": {
			"version": "25.2.6",
			"resolved": "https://registry.npmjs.org/jest-get-type/-/jest-get-type-25.2.6.tgz",
			"integrity": "sha512-DxjtyzOHjObRM+sM1knti6or+eOgcGU4xVSb2HNP1TqO4ahsT+rqZg+nyqHWJSvWgKC5cG3QjGFBqxLghiF/Ig==",
			"dev": true
		},
		"jest-matcher-utils": {
			"version": "25.5.0",
			"resolved": "https://registry.npmjs.org/jest-matcher-utils/-/jest-matcher-utils-25.5.0.tgz",
			"integrity": "sha512-VWI269+9JS5cpndnpCwm7dy7JtGQT30UHfrnM3mXl22gHGt/b7NkjBqXfbhZ8V4B7ANUsjK18PlSBmG0YH7gjw==",
			"dev": true,
			"requires": {
				"chalk": "^3.0.0",
				"jest-diff": "^25.5.0",
				"jest-get-type": "^25.2.6",
				"pretty-format": "^25.5.0"
			}
		},
		"js-tokens": {
			"version": "4.0.0",
			"resolved": "https://registry.npmjs.org/js-tokens/-/js-tokens-4.0.0.tgz",
			"integrity": "sha512-RdJUflcE3cUzKiMqQgsCu06FPu9UdIJO0beYbPhHN4k6apgJtifcoCtT9bcxOpYBtpD2kCM6Sbzg4CausW/PKQ==",
			"dev": true
		},
		"lodash": {
			"version": "4.17.15",
			"resolved": "https://registry.npmjs.org/lodash/-/lodash-4.17.15.tgz",
			"integrity": "sha512-8xOcRHvCjnocdS5cpwXQXVzmmh5e5+saE2QGoeQmbKmRS6J3VQppPOIt0MnmE+4xlZoumy0GPG0D0MVIQbNA1A==",
			"dev": true
		},
		"loose-envify": {
			"version": "1.4.0",
			"resolved": "https://registry.npmjs.org/loose-envify/-/loose-envify-1.4.0.tgz",
			"integrity": "sha512-lyuxPGr/Wfhrlem2CL/UcnUc1zcqKAImBDzukY7Y5F/yQiNdko6+fRLevlw1HgMySw7f611UIY408EtxRSoK3Q==",
			"dev": true,
			"requires": {
				"js-tokens": "^3.0.0 || ^4.0.0"
			}
		},
		"min-indent": {
			"version": "1.0.1",
			"resolved": "https://registry.npmjs.org/min-indent/-/min-indent-1.0.1.tgz",
			"integrity": "sha512-I9jwMn07Sy/IwOj3zVkVik2JTvgpaykDZEigL6Rx6N9LbMywwUSMtxET+7lVoDLLd3O3IXwJwvuuns8UB/HeAg==",
			"dev": true
		},
		"object-assign": {
			"version": "4.1.1",
			"resolved": "https://registry.npmjs.org/object-assign/-/object-assign-4.1.1.tgz",
			"integrity": "sha1-IQmtx5ZYh8/AXLvUQsrIv7s2CGM=",
			"dev": true
		},
		"path-parse": {
			"version": "1.0.6",
			"resolved": "https://registry.npmjs.org/path-parse/-/path-parse-1.0.6.tgz",
			"integrity": "sha512-GSmOT2EbHrINBf9SR7CDELwlJ8AENk3Qn7OikK4nFYAu3Ote2+JYNVvkpAEQm3/TLNEJFD/xZJjzyxg3KBWOzw==",
			"dev": true
		},
		"pretty-format": {
			"version": "25.5.0",
			"resolved": "https://registry.npmjs.org/pretty-format/-/pretty-format-25.5.0.tgz",
			"integrity": "sha512-kbo/kq2LQ/A/is0PQwsEHM7Ca6//bGPPvU6UnsdDRSKTWxT/ru/xb88v4BJf6a69H+uTytOEsTusT9ksd/1iWQ==",
			"dev": true,
			"requires": {
				"@jest/types": "^25.5.0",
				"ansi-regex": "^5.0.0",
				"ansi-styles": "^4.0.0",
				"react-is": "^16.12.0"
			}
		},
		"prop-types": {
			"version": "15.7.2",
			"resolved": "https://registry.npmjs.org/prop-types/-/prop-types-15.7.2.tgz",
			"integrity": "sha512-8QQikdH7//R2vurIJSutZ1smHYTcLpRWEOlHnzcWHmBYrOGUysKwSsrC89BCiFj3CbrfJ/nXFdJepOVrY1GCHQ==",
			"dev": true,
			"requires": {
				"loose-envify": "^1.4.0",
				"object-assign": "^4.1.1",
				"react-is": "^16.8.1"
			}
		},
		"react": {
			"version": "16.13.1",
			"resolved": "https://registry.npmjs.org/react/-/react-16.13.1.tgz",
			"integrity": "sha512-YMZQQq32xHLX0bz5Mnibv1/LHb3Sqzngu7xstSM+vrkE5Kzr9xE0yMByK5kMoTK30YVJE61WfbxIFFvfeDKT1w==",
			"dev": true,
			"requires": {
				"loose-envify": "^1.1.0",
				"object-assign": "^4.1.1",
				"prop-types": "^15.6.2"
			}
		},
		"react-dom": {
			"version": "16.13.1",
			"resolved": "https://registry.npmjs.org/react-dom/-/react-dom-16.13.1.tgz",
			"integrity": "sha512-81PIMmVLnCNLO/fFOQxdQkvEq/+Hfpv24XNJfpyZhTRfO0QcmQIF/PgCa1zCOj2w1hrn12MFLyaJ/G0+Mxtfag==",
			"dev": true,
			"requires": {
				"loose-envify": "^1.1.0",
				"object-assign": "^4.1.1",
				"prop-types": "^15.6.2",
				"scheduler": "^0.19.1"
			}
		},
		"react-is": {
			"version": "16.13.1",
			"resolved": "https://registry.npmjs.org/react-is/-/react-is-16.13.1.tgz",
			"integrity": "sha512-24e6ynE2H+OKt4kqsOvNd8kBpV65zoxbA4BVsEOB3ARVWQki/DHzaUoC5KuON/BiccDaCCTZBuOcfZs70kR8bQ==",
			"dev": true
		},
		"redent": {
			"version": "3.0.0",
			"resolved": "https://registry.npmjs.org/redent/-/redent-3.0.0.tgz",
			"integrity": "sha512-6tDA8g98We0zd0GvVeMT9arEOnTw9qM03L9cJXaCjrip1OO764RDBLBfrB4cwzNGDj5OA5ioymC9GkizgWJDUg==",
			"dev": true,
			"requires": {
				"indent-string": "^4.0.0",
				"strip-indent": "^3.0.0"
			}
		},
		"regenerator-runtime": {
			"version": "0.13.5",
			"resolved": "https://registry.npmjs.org/regenerator-runtime/-/regenerator-runtime-0.13.5.tgz",
			"integrity": "sha512-ZS5w8CpKFinUzOwW3c83oPeVXoNsrLsaCoLtJvAClH135j/R77RuymhiSErhm2lKcwSCIpmvIWSbDkIfAqKQlA==",
			"dev": true
		},
		"resolve": {
			"version": "1.17.0",
			"resolved": "https://registry.npmjs.org/resolve/-/resolve-1.17.0.tgz",
			"integrity": "sha512-ic+7JYiV8Vi2yzQGFWOkiZD5Z9z7O2Zhm9XMaTxdJExKasieFCr+yXZ/WmXsckHiKl12ar0y6XiXDx3m4RHn1w==",
			"dev": true,
			"requires": {
				"path-parse": "^1.0.6"
			}
		},
		"resolve-url": {
			"version": "0.2.1",
			"resolved": "https://registry.npmjs.org/resolve-url/-/resolve-url-0.2.1.tgz",
			"integrity": "sha1-LGN/53yJOv0qZj/iGqkIAGjiBSo=",
			"dev": true
		},
		"rollup": {
			"version": "1.32.1",
			"resolved": "https://registry.npmjs.org/rollup/-/rollup-1.32.1.tgz",
			"integrity": "sha512-/2HA0Ec70TvQnXdzynFffkjA6XN+1e2pEv/uKS5Ulca40g2L7KuOE3riasHoNVHOsFD5KKZgDsMk1CP3Tw9s+A==",
			"dev": true,
			"requires": {
				"@types/estree": "*",
				"@types/node": "*",
				"acorn": "^7.1.0"
			}
		},
		"rollup-plugin-node-resolve": {
			"version": "5.2.0",
			"resolved": "https://registry.npmjs.org/rollup-plugin-node-resolve/-/rollup-plugin-node-resolve-5.2.0.tgz",
			"integrity": "sha512-jUlyaDXts7TW2CqQ4GaO5VJ4PwwaV8VUGA7+km3n6k6xtOEacf61u0VXwN80phY/evMcaS+9eIeJ9MOyDxt5Zw==",
			"dev": true,
			"requires": {
				"@types/resolve": "0.0.8",
				"builtin-modules": "^3.1.0",
				"is-module": "^1.0.0",
				"resolve": "^1.11.1",
				"rollup-pluginutils": "^2.8.1"
			}
		},
		"rollup-pluginutils": {
			"version": "2.8.2",
			"resolved": "https://registry.npmjs.org/rollup-pluginutils/-/rollup-pluginutils-2.8.2.tgz",
			"integrity": "sha512-EEp9NhnUkwY8aif6bxgovPHMoMoNr2FulJziTndpt5H9RdwC47GSGuII9XxpSdzVGM0GWrNPHV6ie1LTNJPaLQ==",
			"dev": true,
			"requires": {
				"estree-walker": "^0.6.1"
			}
		},
		"scheduler": {
			"version": "0.19.1",
			"resolved": "https://registry.npmjs.org/scheduler/-/scheduler-0.19.1.tgz",
			"integrity": "sha512-n/zwRWRYSUj0/3g/otKDRPMh6qv2SYMWNq85IEa8iZyAv8od9zDYpGSnpBEjNgcMNq6Scbu5KfIPxNF72R/2EA==",
			"dev": true,
			"requires": {
				"loose-envify": "^1.1.0",
				"object-assign": "^4.1.1"
			}
		},
		"source-map": {
			"version": "0.6.1",
			"resolved": "https://registry.npmjs.org/source-map/-/source-map-0.6.1.tgz",
			"integrity": "sha512-UjgapumWlbMhkBgzT7Ykc5YXUT46F0iKu8SGXq0bcwP5dz/h0Plj6enJqjz1Zbq2l5WaqYnrVbwWOWMyF3F47g==",
			"dev": true
		},
		"source-map-resolve": {
			"version": "0.5.3",
			"resolved": "https://registry.npmjs.org/source-map-resolve/-/source-map-resolve-0.5.3.tgz",
			"integrity": "sha512-Htz+RnsXWk5+P2slx5Jh3Q66vhQj1Cllm0zvnaY98+NFx+Dv2CF/f5O/t8x+KaNdrdIAsruNzoh/KpialbqAnw==",
			"dev": true,
			"requires": {
				"atob": "^2.1.2",
				"decode-uri-component": "^0.2.0",
				"resolve-url": "^0.2.1",
				"source-map-url": "^0.4.0",
				"urix": "^0.1.0"
			}
		},
		"source-map-url": {
			"version": "0.4.0",
			"resolved": "https://registry.npmjs.org/source-map-url/-/source-map-url-0.4.0.tgz",
			"integrity": "sha1-PpNdfd1zYxuXZZlW1VEo6HtQhKM=",
			"dev": true
		},
		"strip-indent": {
			"version": "3.0.0",
			"resolved": "https://registry.npmjs.org/strip-indent/-/strip-indent-3.0.0.tgz",
			"integrity": "sha512-laJTa3Jb+VQpaC6DseHhF7dXVqHTfJPCRDaEbid/drOhgitgYku/letMUqOXFoWV0zIIUbjpdH2t+tYj4bQMRQ==",
			"dev": true,
			"requires": {
				"min-indent": "^1.0.0"
			}
		},
		"supports-color": {
			"version": "7.1.0",
			"resolved": "https://registry.npmjs.org/supports-color/-/supports-color-7.1.0.tgz",
			"integrity": "sha512-oRSIpR8pxT1Wr2FquTNnGet79b3BWljqOuoW/h4oBhxJ/HUbX5nX6JSruTkvXDCFMwDPvsaTTbvMLKZWSy0R5g==",
			"dev": true,
			"requires": {
				"has-flag": "^4.0.0"
			}
		},
		"typescript": {
			"version": "3.9.5",
			"resolved": "https://registry.npmjs.org/typescript/-/typescript-3.9.5.tgz",
			"integrity": "sha512-hSAifV3k+i6lEoCJ2k6R2Z/rp/H3+8sdmcn5NrS3/3kE7+RyZXm9aqvxWqjEXHAd8b0pShatpcdMTvEdvAJltQ==",
			"dev": true
		},
		"urix": {
			"version": "0.1.0",
			"resolved": "https://registry.npmjs.org/urix/-/urix-0.1.0.tgz",
			"integrity": "sha1-2pN/emLiH+wf0Y1Js1wpNQZ6bHI=",
			"dev": true
		}
	}
}
