{
  "name": "@stencil/vue-output-target",
  "version": "0.5.2-0",
  "lockfileVersion": 2,
  "requires": true,
  "packages": {
    "": {
      "name": "@stencil/vue-output-target",
      "version": "0.5.2-0",
      "license": "MIT",
      "peerDependencies": {
        "@stencil/core": ">=1.8.0 || ^2.0.0"
      }
    }
  }
}
