{
  "name": "@stencil/vue-output-target",
  "version": "0.5.2-1",
  "lockfileVersion": 2,
  "requires": true,
  "packages": {
    "": {
      "name": "@stencil/vue-output-target",
      "version": "0.5.2-1",
      "license": "MIT",
      "peerDependencies": {
        "@stencil/core": "^2.9.0"
      }
    }
  }
}
