{
  "name": "@stencil/angular-output-target",
  "version": "0.6.0",
  "lockfileVersion": 3,
  "requires": true,
  "packages": {
    "": {
      "name": "@stencil/angular-output-target",
      "version": "0.6.0",
      "license": "MIT",
      "devDependencies": {
        "@angular/core": "8.2.14",
        "@angular/forms": "8.2.14"
      },
      "peerDependencies": {
        "@stencil/core": "^2.9.0 || ^3.0.0"
      }
    },
    "node_modules/@angular/common": {
      "version": "8.2.14",
      "dev": true,
      "license": "MIT",
      "peer": true,
      "dependencies": {
        "tslib": "^1.9.0"
      },
      "peerDependencies": {
        "@angular/core": "8.2.14",
        "rxjs": "^6.4.0"
      }
    },
    "node_modules/@angular/core": {
      "version": "8.2.14",
      "resolved": "https://registry.npmjs.org/@angular/core/-/core-8.2.14.tgz",
      "integrity": "sha512-zeePkigi+hPh3rN7yoNENG/YUBUsIvUXdxx+AZq+QPaFeKEA2FBSrKn36ojHFrdJUjKzl0lPMEiGC2b6a6bo6g==",
      "dev": true,
      "dependencies": {
        "tslib": "^1.9.0"
      },
      "peerDependencies": {
        "rxjs": "^6.4.0",
        "zone.js": "~0.9.1"
      }
    },
    "node_modules/@angular/forms": {
      "version": "8.2.14",
      "resolved": "https://registry.npmjs.org/@angular/forms/-/forms-8.2.14.tgz",
      "integrity": "sha512-zhyKL3CFIqcyHJ/TQF/h1OZztK611a6rxuPHCrt/5Sn1SuBTJJQ1pPTkOYIDy6IrCrtyANc8qB6P17Mao71DNQ==",
      "dev": true,
      "dependencies": {
        "tslib": "^1.9.0"
      },
      "peerDependencies": {
        "@angular/common": "8.2.14",
        "@angular/core": "8.2.14",
        "@angular/platform-browser": "8.2.14",
        "rxjs": "^6.4.0"
      }
    },
    "node_modules/@angular/platform-browser": {
      "version": "8.2.14",
      "dev": true,
      "license": "MIT",
      "peer": true,
      "dependencies": {
        "tslib": "^1.9.0"
      },
      "peerDependencies": {
        "@angular/common": "8.2.14",
        "@angular/core": "8.2.14"
      }
    },
    "node_modules/@stencil/core": {
      "version": "3.2.2",
      "resolved": "https://registry.npmjs.org/@stencil/core/-/core-3.2.2.tgz",
      "integrity": "sha512-wXb9cVWL0T3cTwYLveekdTFCRGx6+9hpVDEXna+N8K8OPoW6xtFAHRLv+LjOM7k59PkA8MG3IinAfV7Y+xa0Hw==",
      "peer": true,
      "bin": {
        "stencil": "bin/stencil"
      },
      "engines": {
        "node": ">=14.10.0",
        "npm": ">=6.0.0"
      }
    },
    "node_modules/rxjs": {
      "version": "6.6.7",
      "dev": true,
      "license": "Apache-2.0",
      "peer": true,
      "dependencies": {
        "tslib": "^1.9.0"
      },
      "engines": {
        "npm": ">=2.0.0"
      }
    },
    "node_modules/tslib": {
      "version": "1.13.0",
      "dev": true,
      "license": "0BSD"
    },
    "node_modules/zone.js": {
      "version": "0.9.1",
      "dev": true,
      "license": "MIT",
      "peer": true
    }
  }
}
